
Microsoft Visual Studio Solution File, Format Version 12.00
# Visual Studio Version 16
VisualStudioVersion = 16.0.28803.697
MinimumVisualStudioVersion = 10.0.40219.1
Project("{9A19103F-16F7-4668-BE54-9A1E7A4F7556}") = "btcm", "btcm\btcm.csproj", "{6219AD6A-09F3-40D6-850E-28721AA0C33E}"
EndProject
Project("{9A19103F-16F7-4668-BE54-9A1E7A4F7556}") = "Tests", "Tests\Tests.csproj", "{033E0C7C-F48B-4D4B-A272-726A9BA7203D}"
EndProject
Global
	GlobalSection(SolutionConfigurationPlatforms) = preSolution
		Debug|Any CPU = Debug|Any CPU
		Release|Any CPU = Release|Any CPU
	EndGlobalSection
	GlobalSection(ProjectConfigurationPlatforms) = postSolution
		{6219AD6A-09F3-40D6-850E-28721AA0C33E}.Debug|Any CPU.ActiveCfg = Debug|Any CPU
		{6219AD6A-09F3-40D6-850E-28721AA0C33E}.Debug|Any CPU.Build.0 = Debug|Any CPU
		{6219AD6A-09F3-40D6-850E-28721AA0C33E}.Release|Any CPU.ActiveCfg = Release|Any CPU
		{6219AD6A-09F3-40D6-850E-28721AA0C33E}.Release|Any CPU.Build.0 = Release|Any CPU
		{033E0C7C-F48B-4D4B-A272-726A9BA7203D}.Debug|Any CPU.ActiveCfg = Debug|Any CPU
		{033E0C7C-F48B-4D4B-A272-726A9BA7203D}.Debug|Any CPU.Build.0 = Debug|Any CPU
		{033E0C7C-F48B-4D4B-A272-726A9BA7203D}.Release|Any CPU.ActiveCfg = Release|Any CPU
		{033E0C7C-F48B-4D4B-A272-726A9BA7203D}.Release|Any CPU.Build.0 = Release|Any CPU
	EndGlobalSection
	GlobalSection(SolutionProperties) = preSolution
		HideSolutionNode = FALSE
	EndGlobalSection
	GlobalSection(ExtensibilityGlobals) = postSolution
		SolutionGuid = {CE025FBF-CBE4-400A-AD4C-99CF9431B389}
	EndGlobalSection
EndGlobal
